
Microsoft Visual Studio Solution File, Format Version 12.00
# Visual Studio Version 17
VisualStudioVersion = 17.14.36212.18 d17.14
MinimumVisualStudioVersion = 10.0.40219.1
Project("{FAE04EC0-301F-11D3-BF4B-00C04F79EFBC}") = "ND_Housing_TEST_Project_CAMDen", "ND_Housing_TEST_Project_CAMDen\ND_Housing_TEST_Project_CAMDen.csproj", "{98D43952-7B20-4CEC-98D3-93DC77504FE2}"
EndProject
Global
	GlobalSection(SolutionConfigurationPlatforms) = preSolution
		Debug|Any CPU = Debug|Any CPU
		Release|Any CPU = Release|Any CPU
	EndGlobalSection
	GlobalSection(ProjectConfigurationPlatforms) = postSolution
		{98D43952-7B20-4CEC-98D3-93DC77504FE2}.Debug|Any CPU.ActiveCfg = Debug|Any CPU
		{98D43952-7B20-4CEC-98D3-93DC77504FE2}.Debug|Any CPU.Build.0 = Debug|Any CPU
		{98D43952-7B20-4CEC-98D3-93DC77504FE2}.Release|Any CPU.ActiveCfg = Release|Any CPU
		{98D43952-7B20-4CEC-98D3-93DC77504FE2}.Release|Any CPU.Build.0 = Release|Any CPU
	EndGlobalSection
	GlobalSection(SolutionProperties) = preSolution
		HideSolutionNode = FALSE
	EndGlobalSection
	GlobalSection(ExtensibilityGlobals) = postSolution
		SolutionGuid = {F0B4F7B4-AE35-4753-BD2A-87EA10E450A9}
	EndGlobalSection
EndGlobal
